
Microsoft Visual Studio Solution File, Format Version 12.00
# Visual Studio Version 17
VisualStudioVersion = 17.13.35931.197
MinimumVisualStudioVersion = 10.0.40219.1
Project("{FAE04EC0-301F-11D3-BF4B-00C04F79EFBC}") = "QuickLaunch", "QuickLaunch\QuickLaunch.csproj", "{87BF3248-AC5B-4174-FD09-C518FF63E70A}"
EndProject
Project("{FAE04EC0-301F-11D3-BF4B-00C04F79EFBC}") = "QuickLaunch.Tests", "QuickLaunch.Tests\QuickLaunch.Tests.csproj", "{620EB071-3736-A0EB-0993-4F35AEB39E27}"
EndProject
Project("{FAE04EC0-301F-11D3-BF4B-00C04F79EFBC}") = "QuickLaunch.Core", "QuickLaunch.Actions\QuickLaunch.Core.csproj", "{7C37A619-6509-47E2-8376-BE7914CE49A3}"
EndProject
Project("{FAE04EC0-301F-11D3-BF4B-00C04F79EFBC}") = "QuickLaunch.Notifier", "QuickLaunch.Notifier\QuickLaunch.Notifier.csproj", "{E29D1BF7-EFF1-180B-7CD8-D281322F36D7}"
EndProject
Project("{FAE04EC0-301F-11D3-BF4B-00C04F79EFBC}") = "QuickLaunch.UI.Utils", "QuickLaunch.UI.Utils\QuickLaunch.UI.Utils.csproj", "{FA3D246C-01DC-4A0B-A899-BDACECF609B3}"
EndProject
Project("{FAE04EC0-301F-11D3-BF4B-00C04F79EFBC}") = "QuickLaunch.Core.Tests", "QuickLaunch.Core.Tests\QuickLaunch.Core.Tests.csproj", "{C2134741-E097-49D5-9F7F-AD78BE2303C3}"
EndProject
Project("{2150E333-8FDC-42A3-9474-1A3956D46DE8}") = "Solution Items", "Solution Items", "{8EC462FD-D22E-90A8-E5CE-7E832BA40C5D}"
	ProjectSection(SolutionItems) = preProject
		README.md = README.md
	EndProjectSection
EndProject
Global
	GlobalSection(SolutionConfigurationPlatforms) = preSolution
		Debug|Any CPU = Debug|Any CPU
		Release|Any CPU = Release|Any CPU
	EndGlobalSection
	GlobalSection(ProjectConfigurationPlatforms) = postSolution
		{87BF3248-AC5B-4174-FD09-C518FF63E70A}.Debug|Any CPU.ActiveCfg = Debug|Any CPU
		{87BF3248-AC5B-4174-FD09-C518FF63E70A}.Debug|Any CPU.Build.0 = Debug|Any CPU
		{87BF3248-AC5B-4174-FD09-C518FF63E70A}.Release|Any CPU.ActiveCfg = Release|Any CPU
		{87BF3248-AC5B-4174-FD09-C518FF63E70A}.Release|Any CPU.Build.0 = Release|Any CPU
		{620EB071-3736-A0EB-0993-4F35AEB39E27}.Debug|Any CPU.ActiveCfg = Debug|Any CPU
		{620EB071-3736-A0EB-0993-4F35AEB39E27}.Debug|Any CPU.Build.0 = Debug|Any CPU
		{620EB071-3736-A0EB-0993-4F35AEB39E27}.Release|Any CPU.ActiveCfg = Release|Any CPU
		{620EB071-3736-A0EB-0993-4F35AEB39E27}.Release|Any CPU.Build.0 = Release|Any CPU
		{7C37A619-6509-47E2-8376-BE7914CE49A3}.Debug|Any CPU.ActiveCfg = Debug|Any CPU
		{7C37A619-6509-47E2-8376-BE7914CE49A3}.Debug|Any CPU.Build.0 = Debug|Any CPU
		{7C37A619-6509-47E2-8376-BE7914CE49A3}.Release|Any CPU.ActiveCfg = Release|Any CPU
		{7C37A619-6509-47E2-8376-BE7914CE49A3}.Release|Any CPU.Build.0 = Release|Any CPU
		{E29D1BF7-EFF1-180B-7CD8-D281322F36D7}.Debug|Any CPU.ActiveCfg = Debug|Any CPU
		{E29D1BF7-EFF1-180B-7CD8-D281322F36D7}.Debug|Any CPU.Build.0 = Debug|Any CPU
		{E29D1BF7-EFF1-180B-7CD8-D281322F36D7}.Release|Any CPU.ActiveCfg = Release|Any CPU
		{E29D1BF7-EFF1-180B-7CD8-D281322F36D7}.Release|Any CPU.Build.0 = Release|Any CPU
		{FA3D246C-01DC-4A0B-A899-BDACECF609B3}.Debug|Any CPU.ActiveCfg = Debug|Any CPU
		{FA3D246C-01DC-4A0B-A899-BDACECF609B3}.Debug|Any CPU.Build.0 = Debug|Any CPU
		{FA3D246C-01DC-4A0B-A899-BDACECF609B3}.Release|Any CPU.ActiveCfg = Release|Any CPU
		{FA3D246C-01DC-4A0B-A899-BDACECF609B3}.Release|Any CPU.Build.0 = Release|Any CPU
		{C2134741-E097-49D5-9F7F-AD78BE2303C3}.Debug|Any CPU.ActiveCfg = Debug|Any CPU
		{C2134741-E097-49D5-9F7F-AD78BE2303C3}.Debug|Any CPU.Build.0 = Debug|Any CPU
		{C2134741-E097-49D5-9F7F-AD78BE2303C3}.Release|Any CPU.ActiveCfg = Release|Any CPU
		{C2134741-E097-49D5-9F7F-AD78BE2303C3}.Release|Any CPU.Build.0 = Release|Any CPU
	EndGlobalSection
	GlobalSection(SolutionProperties) = preSolution
		HideSolutionNode = FALSE
	EndGlobalSection
	GlobalSection(ExtensibilityGlobals) = postSolution
		SolutionGuid = {5E721AF8-4EB7-4DB4-9A19-63DF8BF05956}
	EndGlobalSection
EndGlobal
